// !$*UTF8*$!
{
	archiveVersion = 1;
	classes = {
	};
	objectVersion = 77;
	objects = {

/* Begin PBXBuildFile section */
		A51279512DDB30ED00B2359B /* SwiftSVG in Frameworks */ = {isa = PBXBuildFile; productRef = A51279502DDB30ED00B2359B /* SwiftSVG */; };
		A5127A3D2DDB56EE00B2359B /* MapLibre in Frameworks */ = {isa = PBXBuildFile; productRef = A5127A3C2DDB56EE00B2359B /* MapLibre */; };
		A5127AD72DDB7C8D00B2359B /* GoogleSignIn in Frameworks */ = {isa = PBXBuildFile; productRef = A5127AD62DDB7C8D00B2359B /* GoogleSignIn */; };
		A5127AD92DDB7C8D00B2359B /* GoogleSignInSwift in Frameworks */ = {isa = PBXBuildFile; productRef = A5127AD82DDB7C8D00B2359B /* GoogleSignInSwift */; };
		A5127B302DDB864300B2359B /* FirebaseAuth in Frameworks */ = {isa = PBXBuildFile; productRef = A5127B2F2DDB864300B2359B /* FirebaseAuth */; };
		A5127B322DDB864300B2359B /* FirebaseCore in Frameworks */ = {isa = PBXBuildFile; productRef = A5127B312DDB864300B2359B /* FirebaseCore */; };
		A5127B342DDB864300B2359B /* FirebaseFirestore in Frameworks */ = {isa = PBXBuildFile; productRef = A5127B332DDB864300B2359B /* FirebaseFirestore */; };
		A5127C732DDBBF9500B2359B /* GoogleService-Info.plist in Resources */ = {isa = PBXBuildFile; fileRef = A5127C722DDBBF9500B2359B /* GoogleService-Info.plist */; };
/* End PBXBuildFile section */

/* Begin PBXContainerItemProxy section */
		A51279242DDB260100B2359B /* PBXContainerItemProxy */ = {
			isa = PBXContainerItemProxy;
			containerPortal = A512790E2DDB25FF00B2359B /* Project object */;
			proxyType = 1;
			remoteGlobalIDString = A51279152DDB25FF00B2359B;
			remoteInfo = Clean.City;
		};
		A512792E2DDB260100B2359B /* PBXContainerItemProxy */ = {
			isa = PBXContainerItemProxy;
			containerPortal = A512790E2DDB25FF00B2359B /* Project object */;
			proxyType = 1;
			remoteGlobalIDString = A51279152DDB25FF00B2359B;
			remoteInfo = Clean.City;
		};
/* End PBXContainerItemProxy section */

/* Begin PBXFileReference section */
		A51279162DDB25FF00B2359B /* Clean.City.app */ = {isa = PBXFileReference; explicitFileType = wrapper.application; includeInIndex = 0; path = Clean.City.app; sourceTree = BUILT_PRODUCTS_DIR; };
		A51279232DDB260100B2359B /* Clean.CityTests.xctest */ = {isa = PBXFileReference; explicitFileType = wrapper.cfbundle; includeInIndex = 0; path = Clean.CityTests.xctest; sourceTree = BUILT_PRODUCTS_DIR; };
		A512792D2DDB260100B2359B /* Clean.CityUITests.xctest */ = {isa = PBXFileReference; explicitFileType = wrapper.cfbundle; includeInIndex = 0; path = Clean.CityUITests.xctest; sourceTree = BUILT_PRODUCTS_DIR; };
		A5127C722DDBBF9500B2359B /* GoogleService-Info.plist */ = {isa = PBXFileReference; lastKnownFileType = text.plist.xml; path = "GoogleService-Info.plist"; sourceTree = "<group>"; };
/* End PBXFileReference section */

/* Begin PBXFileSystemSynchronizedRootGroup section */
		A51279182DDB25FF00B2359B /* Clean.City */ = {
			isa = PBXFileSystemSynchronizedRootGroup;
			path = Clean.City;
			sourceTree = "<group>";
		};
		A51279262DDB260100B2359B /* Clean.CityTests */ = {
			isa = PBXFileSystemSynchronizedRootGroup;
			path = Clean.CityTests;
			sourceTree = "<group>";
		};
		A51279302DDB260100B2359B /* Clean.CityUITests */ = {
			isa = PBXFileSystemSynchronizedRootGroup;
			path = Clean.CityUITests;
			sourceTree = "<group>";
		};
/* End PBXFileSystemSynchronizedRootGroup section */

/* Begin PBXFrameworksBuildPhase section */
		A51279132DDB25FF00B2359B /* Frameworks */ = {
			isa = PBXFrameworksBuildPhase;
			buildActionMask = 2147483647;
			files = (
				A5127A3D2DDB56EE00B2359B /* MapLibre in Frameworks */,
				A5127B302DDB864300B2359B /* FirebaseAuth in Frameworks */,
				A51279512DDB30ED00B2359B /* SwiftSVG in Frameworks */,
				A5127AD72DDB7C8D00B2359B /* GoogleSignIn in Frameworks */,
				A5127B322DDB864300B2359B /* FirebaseCore in Frameworks */,
				A5127AD92DDB7C8D00B2359B /* GoogleSignInSwift in Frameworks */,
				A5127B342DDB864300B2359B /* FirebaseFirestore in Frameworks */,
			);
			runOnlyForDeploymentPostprocessing = 0;
		};
		A51279202DDB260100B2359B /* Frameworks */ = {
			isa = PBXFrameworksBuildPhase;
			buildActionMask = 2147483647;
			files = (
			);
			runOnlyForDeploymentPostprocessing = 0;
		};
		A512792A2DDB260100B2359B /* Frameworks */ = {
			isa = PBXFrameworksBuildPhase;
			buildActionMask = 2147483647;
			files = (
			);
			runOnlyForDeploymentPostprocessing = 0;
		};
/* End PBXFrameworksBuildPhase section */

/* Begin PBXGroup section */
		A512790D2DDB25FF00B2359B = {
			isa = PBXGroup;
			children = (
				A5127C722DDBBF9500B2359B /* GoogleService-Info.plist */,
				A51279182DDB25FF00B2359B /* Clean.City */,
				A51279262DDB260100B2359B /* Clean.CityTests */,
				A51279302DDB260100B2359B /* Clean.CityUITests */,
				A51279172DDB25FF00B2359B /* Products */,
			);
			sourceTree = "<group>";
		};
		A51279172DDB25FF00B2359B /* Products */ = {
			isa = PBXGroup;
			children = (
				A51279162DDB25FF00B2359B /* Clean.City.app */,
				A51279232DDB260100B2359B /* Clean.CityTests.xctest */,
				A512792D2DDB260100B2359B /* Clean.CityUITests.xctest */,
			);
			name = Products;
			sourceTree = "<group>";
		};
/* End PBXGroup section */

/* Begin PBXNativeTarget section */
		A51279152DDB25FF00B2359B /* Clean.City */ = {
			isa = PBXNativeTarget;
			buildConfigurationList = A51279372DDB260100B2359B /* Build configuration list for PBXNativeTarget "Clean.City" */;
			buildPhases = (
				A51279122DDB25FF00B2359B /* Sources */,
				A51279132DDB25FF00B2359B /* Frameworks */,
				A51279142DDB25FF00B2359B /* Resources */,
			);
			buildRules = (
			);
			dependencies = (
			);
			fileSystemSynchronizedGroups = (
				A51279182DDB25FF00B2359B /* Clean.City */,
			);
			name = Clean.City;
			packageProductDependencies = (
				A51279502DDB30ED00B2359B /* SwiftSVG */,
				A5127A3C2DDB56EE00B2359B /* MapLibre */,
				A5127AD62DDB7C8D00B2359B /* GoogleSignIn */,
				A5127AD82DDB7C8D00B2359B /* GoogleSignInSwift */,
				A5127B2F2DDB864300B2359B /* FirebaseAuth */,
				A5127B312DDB864300B2359B /* FirebaseCore */,
				A5127B332DDB864300B2359B /* FirebaseFirestore */,
			);
			productName = Clean.City;
			productReference = A51279162DDB25FF00B2359B /* Clean.City.app */;
			productType = "com.apple.product-type.application";
		};
		A51279222DDB260100B2359B /* Clean.CityTests */ = {
			isa = PBXNativeTarget;
			buildConfigurationList = A512793A2DDB260100B2359B /* Build configuration list for PBXNativeTarget "Clean.CityTests" */;
			buildPhases = (
				A512791F2DDB260100B2359B /* Sources */,
				A51279202DDB260100B2359B /* Frameworks */,
				A51279212DDB260100B2359B /* Resources */,
			);
			buildRules = (
			);
			dependencies = (
				A51279252DDB260100B2359B /* PBXTargetDependency */,
			);
			fileSystemSynchronizedGroups = (
				A51279262DDB260100B2359B /* Clean.CityTests */,
			);
			name = Clean.CityTests;
			packageProductDependencies = (
			);
			productName = Clean.CityTests;
			productReference = A51279232DDB260100B2359B /* Clean.CityTests.xctest */;
			productType = "com.apple.product-type.bundle.unit-test";
		};
		A512792C2DDB260100B2359B /* Clean.CityUITests */ = {
			isa = PBXNativeTarget;
			buildConfigurationList = A512793D2DDB260100B2359B /* Build configuration list for PBXNativeTarget "Clean.CityUITests" */;
			buildPhases = (
				A51279292DDB260100B2359B /* Sources */,
				A512792A2DDB260100B2359B /* Frameworks */,
				A512792B2DDB260100B2359B /* Resources */,
			);
			buildRules = (
			);
			dependencies = (
				A512792F2DDB260100B2359B /* PBXTargetDependency */,
			);
			fileSystemSynchronizedGroups = (
				A51279302DDB260100B2359B /* Clean.CityUITests */,
			);
			name = Clean.CityUITests;
			packageProductDependencies = (
			);
			productName = Clean.CityUITests;
			productReference = A512792D2DDB260100B2359B /* Clean.CityUITests.xctest */;
			productType = "com.apple.product-type.bundle.ui-testing";
		};
/* End PBXNativeTarget section */

/* Begin PBXProject section */
		A512790E2DDB25FF00B2359B /* Project object */ = {
			isa = PBXProject;
			attributes = {
				BuildIndependentTargetsInParallel = 1;
				LastSwiftUpdateCheck = 1630;
				LastUpgradeCheck = 1630;
				TargetAttributes = {
					A51279152DDB25FF00B2359B = {
						CreatedOnToolsVersion = 16.3;
					};
					A51279222DDB260100B2359B = {
						CreatedOnToolsVersion = 16.3;
						TestTargetID = A51279152DDB25FF00B2359B;
					};
					A512792C2DDB260100B2359B = {
						CreatedOnToolsVersion = 16.3;
						TestTargetID = A51279152DDB25FF00B2359B;
					};
				};
			};
			buildConfigurationList = A51279112DDB25FF00B2359B /* Build configuration list for PBXProject "Clean.City" */;
			developmentRegion = en;
			hasScannedForEncodings = 0;
			knownRegions = (
				en,
				Base,
			);
			mainGroup = A512790D2DDB25FF00B2359B;
			minimizedProjectReferenceProxies = 1;
			packageReferences = (
				A512794F2DDB30ED00B2359B /* XCRemoteSwiftPackageReference "SwiftSVG" */,
				A51279FC2DDB55CF00B2359B /* XCRemoteSwiftPackageReference "maplibre-gl-native-distribution" */,
				A5127AD52DDB7C8D00B2359B /* XCRemoteSwiftPackageReference "GoogleSignIn-iOS" */,
				A5127B2E2DDB864300B2359B /* XCRemoteSwiftPackageReference "firebase-ios-sdk" */,
			);
			preferredProjectObjectVersion = 77;
			productRefGroup = A51279172DDB25FF00B2359B /* Products */;
			projectDirPath = "";
			projectRoot = "";
			targets = (
				A51279152DDB25FF00B2359B /* Clean.City */,
				A51279222DDB260100B2359B /* Clean.CityTests */,
				A512792C2DDB260100B2359B /* Clean.CityUITests */,
			);
		};
/* End PBXProject section */

/* Begin PBXResourcesBuildPhase section */
		A51279142DDB25FF00B2359B /* Resources */ = {
			isa = PBXResourcesBuildPhase;
			buildActionMask = 2147483647;
			files = (
				A5127C732DDBBF9500B2359B /* GoogleService-Info.plist in Resources */,
			);
			runOnlyForDeploymentPostprocessing = 0;
		};
		A51279212DDB260100B2359B /* Resources */ = {
			isa = PBXResourcesBuildPhase;
			buildActionMask = 2147483647;
			files = (
			);
			runOnlyForDeploymentPostprocessing = 0;
		};
		A512792B2DDB260100B2359B /* Resources */ = {
			isa = PBXResourcesBuildPhase;
			buildActionMask = 2147483647;
			files = (
			);
			runOnlyForDeploymentPostprocessing = 0;
		};
/* End PBXResourcesBuildPhase section */

/* Begin PBXSourcesBuildPhase section */
		A51279122DDB25FF00B2359B /* Sources */ = {
			isa = PBXSourcesBuildPhase;
			buildActionMask = 2147483647;
			files = (
			);
			runOnlyForDeploymentPostprocessing = 0;
		};
		A512791F2DDB260100B2359B /* Sources */ = {
			isa = PBXSourcesBuildPhase;
			buildActionMask = 2147483647;
			files = (
			);
			runOnlyForDeploymentPostprocessing = 0;
		};
		A51279292DDB260100B2359B /* Sources */ = {
			isa = PBXSourcesBuildPhase;
			buildActionMask = 2147483647;
			files = (
			);
			runOnlyForDeploymentPostprocessing = 0;
		};
/* End PBXSourcesBuildPhase section */

/* Begin PBXTargetDependency section */
		A51279252DDB260100B2359B /* PBXTargetDependency */ = {
			isa = PBXTargetDependency;
			target = A51279152DDB25FF00B2359B /* Clean.City */;
			targetProxy = A51279242DDB260100B2359B /* PBXContainerItemProxy */;
		};
		A512792F2DDB260100B2359B /* PBXTargetDependency */ = {
			isa = PBXTargetDependency;
			target = A51279152DDB25FF00B2359B /* Clean.City */;
			targetProxy = A512792E2DDB260100B2359B /* PBXContainerItemProxy */;
		};
/* End PBXTargetDependency section */

/* Begin XCBuildConfiguration section */
		A51279352DDB260100B2359B /* Debug */ = {
			isa = XCBuildConfiguration;
			buildSettings = {
				ALWAYS_SEARCH_USER_PATHS = NO;
				ASSETCATALOG_COMPILER_GENERATE_SWIFT_ASSET_SYMBOL_EXTENSIONS = YES;
				CLANG_ANALYZER_NONNULL = YES;
				CLANG_ANALYZER_NUMBER_OBJECT_CONVERSION = YES_AGGRESSIVE;
				CLANG_CXX_LANGUAGE_STANDARD = "gnu++20";
				CLANG_ENABLE_MODULES = YES;
				CLANG_ENABLE_OBJC_ARC = YES;
				CLANG_ENABLE_OBJC_WEAK = YES;
				CLANG_WARN_BLOCK_CAPTURE_AUTORELEASING = YES;
				CLANG_WARN_BOOL_CONVERSION = YES;
				CLANG_WARN_COMMA = YES;
				CLANG_WARN_CONSTANT_CONVERSION = YES;
				CLANG_WARN_DEPRECATED_OBJC_IMPLEMENTATIONS = YES;
				CLANG_WARN_DIRECT_OBJC_ISA_USAGE = YES_ERROR;
				CLANG_WARN_DOCUMENTATION_COMMENTS = YES;
				CLANG_WARN_EMPTY_BODY = YES;
				CLANG_WARN_ENUM_CONVERSION = YES;
				CLANG_WARN_INFINITE_RECURSION = YES;
				CLANG_WARN_INT_CONVERSION = YES;
				CLANG_WARN_NON_LITERAL_NULL_CONVERSION = YES;
				CLANG_WARN_OBJC_IMPLICIT_RETAIN_SELF = YES;
				CLANG_WARN_OBJC_LITERAL_CONVERSION = YES;
				CLANG_WARN_OBJC_ROOT_CLASS = YES_ERROR;
				CLANG_WARN_QUOTED_INCLUDE_IN_FRAMEWORK_HEADER = YES;
				CLANG_WARN_RANGE_LOOP_ANALYSIS = YES;
				CLANG_WARN_STRICT_PROTOTYPES = YES;
				CLANG_WARN_SUSPICIOUS_MOVE = YES;
				CLANG_WARN_UNGUARDED_AVAILABILITY = YES_AGGRESSIVE;
				CLANG_WARN_UNREACHABLE_CODE = YES;
				CLANG_WARN__DUPLICATE_METHOD_MATCH = YES;
				COPY_PHASE_STRIP = NO;
				DEBUG_INFORMATION_FORMAT = dwarf;
				DEVELOPMENT_TEAM = 49TSYPSC35;
				ENABLE_STRICT_OBJC_MSGSEND = YES;
				ENABLE_TESTABILITY = YES;
				ENABLE_USER_SCRIPT_SANDBOXING = YES;
				GCC_C_LANGUAGE_STANDARD = gnu17;
				GCC_DYNAMIC_NO_PIC = NO;
				GCC_NO_COMMON_BLOCKS = YES;
				GCC_OPTIMIZATION_LEVEL = 0;
				GCC_PREPROCESSOR_DEFINITIONS = (
					"DEBUG=1",
					"$(inherited)",
				);
				GCC_WARN_64_TO_32_BIT_CONVERSION = YES;
				GCC_WARN_ABOUT_RETURN_TYPE = YES_ERROR;
				GCC_WARN_UNDECLARED_SELECTOR = YES;
				GCC_WARN_UNINITIALIZED_AUTOS = YES_AGGRESSIVE;
				GCC_WARN_UNUSED_FUNCTION = YES;
				GCC_WARN_UNUSED_VARIABLE = YES;
				IPHONEOS_DEPLOYMENT_TARGET = 18.4;
				LOCALIZATION_PREFERS_STRING_CATALOGS = YES;
				MTL_ENABLE_DEBUG_INFO = INCLUDE_SOURCE;
				MTL_FAST_MATH = YES;
				ONLY_ACTIVE_ARCH = YES;
				SDKROOT = iphoneos;
				SWIFT_ACTIVE_COMPILATION_CONDITIONS = "DEBUG $(inherited)";
				SWIFT_OPTIMIZATION_LEVEL = "-Onone";
			};
			name = Debug;
		};
		A51279362DDB260100B2359B /* Release */ = {
			isa = XCBuildConfiguration;
			buildSettings = {
				ALWAYS_SEARCH_USER_PATHS = NO;
				ASSETCATALOG_COMPILER_GENERATE_SWIFT_ASSET_SYMBOL_EXTENSIONS = YES;
				CLANG_ANALYZER_NONNULL = YES;
				CLANG_ANALYZER_NUMBER_OBJECT_CONVERSION = YES_AGGRESSIVE;
				CLANG_CXX_LANGUAGE_STANDARD = "gnu++20";
				CLANG_ENABLE_MODULES = YES;
				CLANG_ENABLE_OBJC_ARC = YES;
				CLANG_ENABLE_OBJC_WEAK = YES;
				CLANG_WARN_BLOCK_CAPTURE_AUTORELEASING = YES;
				CLANG_WARN_BOOL_CONVERSION = YES;
				CLANG_WARN_COMMA = YES;
				CLANG_WARN_CONSTANT_CONVERSION = YES;
				CLANG_WARN_DEPRECATED_OBJC_IMPLEMENTATIONS = YES;
				CLANG_WARN_DIRECT_OBJC_ISA_USAGE = YES_ERROR;
				CLANG_WARN_DOCUMENTATION_COMMENTS = YES;
				CLANG_WARN_EMPTY_BODY = YES;
				CLANG_WARN_ENUM_CONVERSION = YES;
				CLANG_WARN_INFINITE_RECURSION = YES;
				CLANG_WARN_INT_CONVERSION = YES;
				CLANG_WARN_NON_LITERAL_NULL_CONVERSION = YES;
				CLANG_WARN_OBJC_IMPLICIT_RETAIN_SELF = YES;
				CLANG_WARN_OBJC_LITERAL_CONVERSION = YES;
				CLANG_WARN_OBJC_ROOT_CLASS = YES_ERROR;
				CLANG_WARN_QUOTED_INCLUDE_IN_FRAMEWORK_HEADER = YES;
				CLANG_WARN_RANGE_LOOP_ANALYSIS = YES;
				CLANG_WARN_STRICT_PROTOTYPES = YES;
				CLANG_WARN_SUSPICIOUS_MOVE = YES;
				CLANG_WARN_UNGUARDED_AVAILABILITY = YES_AGGRESSIVE;
				CLANG_WARN_UNREACHABLE_CODE = YES;
				CLANG_WARN__DUPLICATE_METHOD_MATCH = YES;
				COPY_PHASE_STRIP = NO;
				DEBUG_INFORMATION_FORMAT = "dwarf-with-dsym";
				DEVELOPMENT_TEAM = 49TSYPSC35;
				ENABLE_NS_ASSERTIONS = NO;
				ENABLE_STRICT_OBJC_MSGSEND = YES;
				ENABLE_USER_SCRIPT_SANDBOXING = YES;
				GCC_C_LANGUAGE_STANDARD = gnu17;
				GCC_NO_COMMON_BLOCKS = YES;
				GCC_WARN_64_TO_32_BIT_CONVERSION = YES;
				GCC_WARN_ABOUT_RETURN_TYPE = YES_ERROR;
				GCC_WARN_UNDECLARED_SELECTOR = YES;
				GCC_WARN_UNINITIALIZED_AUTOS = YES_AGGRESSIVE;
				GCC_WARN_UNUSED_FUNCTION = YES;
				GCC_WARN_UNUSED_VARIABLE = YES;
				IPHONEOS_DEPLOYMENT_TARGET = 18.4;
				LOCALIZATION_PREFERS_STRING_CATALOGS = YES;
				MTL_ENABLE_DEBUG_INFO = NO;
				MTL_FAST_MATH = YES;
				SDKROOT = iphoneos;
				SWIFT_COMPILATION_MODE = wholemodule;
				VALIDATE_PRODUCT = YES;
			};
			name = Release;
		};
		A51279382DDB260100B2359B /* Debug */ = {
			isa = XCBuildConfiguration;
			buildSettings = {
				ASSETCATALOG_COMPILER_APPICON_NAME = AppIcon;
				ASSETCATALOG_COMPILER_GLOBAL_ACCENT_COLOR_NAME = AccentColor;
				CODE_SIGN_STYLE = Automatic;
				CURRENT_PROJECT_VERSION = 1;
				DEVELOPMENT_TEAM = 49TSYPSC35;
				ENABLE_PREVIEWS = YES;
				GENERATE_INFOPLIST_FILE = YES;
				INFOPLIST_FILE = "Clean-City-Info.plist";
				INFOPLIST_KEY_CFBundleDisplayName = "";
				INFOPLIST_KEY_LSApplicationCategoryType = "";
				INFOPLIST_KEY_NSLocationWhenInUseUsageDescription = "Нам потрібна ваша локація для відображення вашої позиції на мапі\nНам потрібна ваша локація для відображення вашої позиції на мапі.\nНам потрібна ваша локація для відображення вашої позиції на мапі";
				INFOPLIST_KEY_UIApplicationSceneManifest_Generation = YES;
				INFOPLIST_KEY_UIApplicationSupportsIndirectInputEvents = YES;
				INFOPLIST_KEY_UILaunchScreen_Generation = YES;
				INFOPLIST_KEY_UISupportedInterfaceOrientations_iPad = "UIInterfaceOrientationPortrait UIInterfaceOrientationPortraitUpsideDown UIInterfaceOrientationLandscapeLeft UIInterfaceOrientationLandscapeRight";
				INFOPLIST_KEY_UISupportedInterfaceOrientations_iPhone = "UIInterfaceOrientationPortrait UIInterfaceOrientationLandscapeLeft UIInterfaceOrientationLandscapeRight";
				LD_RUNPATH_SEARCH_PATHS = (
					"$(inherited)",
					"@executable_path/Frameworks",
				);
				MARKETING_VERSION = 1.0;
				PRODUCT_BUNDLE_IDENTIFIER = "com.liuda.Clean-City";
				PRODUCT_NAME = "$(TARGET_NAME)";
				SWIFT_EMIT_LOC_STRINGS = YES;
				SWIFT_VERSION = 5.0;
				TARGETED_DEVICE_FAMILY = "1,2";
			};
			name = Debug;
		};
		A51279392DDB260100B2359B /* Release */ = {
			isa = XCBuildConfiguration;
			buildSettings = {
				ASSETCATALOG_COMPILER_APPICON_NAME = AppIcon;
				ASSETCATALOG_COMPILER_GLOBAL_ACCENT_COLOR_NAME = AccentColor;
				CODE_SIGN_STYLE = Automatic;
				CURRENT_PROJECT_VERSION = 1;
				DEVELOPMENT_TEAM = 49TSYPSC35;
				ENABLE_PREVIEWS = YES;
				GENERATE_INFOPLIST_FILE = YES;
				INFOPLIST_FILE = "Clean-City-Info.plist";
				INFOPLIST_KEY_CFBundleDisplayName = "";
				INFOPLIST_KEY_LSApplicationCategoryType = "";
				INFOPLIST_KEY_NSLocationWhenInUseUsageDescription = "Нам потрібна ваша локація для відображення вашої позиції на мапі\nНам потрібна ваша локація для відображення вашої позиції на мапі.\nНам потрібна ваша локація для відображення вашої позиції на мапі";
				INFOPLIST_KEY_UIApplicationSceneManifest_Generation = YES;
				INFOPLIST_KEY_UIApplicationSupportsIndirectInputEvents = YES;
				INFOPLIST_KEY_UILaunchScreen_Generation = YES;
				INFOPLIST_KEY_UISupportedInterfaceOrientations_iPad = "UIInterfaceOrientationPortrait UIInterfaceOrientationPortraitUpsideDown UIInterfaceOrientationLandscapeLeft UIInterfaceOrientationLandscapeRight";
				INFOPLIST_KEY_UISupportedInterfaceOrientations_iPhone = "UIInterfaceOrientationPortrait UIInterfaceOrientationLandscapeLeft UIInterfaceOrientationLandscapeRight";
				LD_RUNPATH_SEARCH_PATHS = (
					"$(inherited)",
					"@executable_path/Frameworks",
				);
				MARKETING_VERSION = 1.0;
				PRODUCT_BUNDLE_IDENTIFIER = "com.liuda.Clean-City";
				PRODUCT_NAME = "$(TARGET_NAME)";
				SWIFT_EMIT_LOC_STRINGS = YES;
				SWIFT_VERSION = 5.0;
				TARGETED_DEVICE_FAMILY = "1,2";
			};
			name = Release;
		};
		A512793B2DDB260100B2359B /* Debug */ = {
			isa = XCBuildConfiguration;
			buildSettings = {
				BUNDLE_LOADER = "$(TEST_HOST)";
				CODE_SIGN_STYLE = Automatic;
				CURRENT_PROJECT_VERSION = 1;
				DEVELOPMENT_TEAM = 49TSYPSC35;
				GENERATE_INFOPLIST_FILE = YES;
				IPHONEOS_DEPLOYMENT_TARGET = 18.4;
				MARKETING_VERSION = 1.0;
				PRODUCT_BUNDLE_IDENTIFIER = "com.liuda.Clean-CityTests";
				PRODUCT_NAME = "$(TARGET_NAME)";
				SWIFT_EMIT_LOC_STRINGS = NO;
				SWIFT_VERSION = 5.0;
				TARGETED_DEVICE_FAMILY = "1,2";
				TEST_HOST = "$(BUILT_PRODUCTS_DIR)/Clean.City.app/$(BUNDLE_EXECUTABLE_FOLDER_PATH)/Clean.City";
			};
			name = Debug;
		};
		A512793C2DDB260100B2359B /* Release */ = {
			isa = XCBuildConfiguration;
			buildSettings = {
				BUNDLE_LOADER = "$(TEST_HOST)";
				CODE_SIGN_STYLE = Automatic;
				CURRENT_PROJECT_VERSION = 1;
				DEVELOPMENT_TEAM = 49TSYPSC35;
				GENERATE_INFOPLIST_FILE = YES;
				IPHONEOS_DEPLOYMENT_TARGET = 18.4;
				MARKETING_VERSION = 1.0;
				PRODUCT_BUNDLE_IDENTIFIER = "com.liuda.Clean-CityTests";
				PRODUCT_NAME = "$(TARGET_NAME)";
				SWIFT_EMIT_LOC_STRINGS = NO;
				SWIFT_VERSION = 5.0;
				TARGETED_DEVICE_FAMILY = "1,2";
				TEST_HOST = "$(BUILT_PRODUCTS_DIR)/Clean.City.app/$(BUNDLE_EXECUTABLE_FOLDER_PATH)/Clean.City";
			};
			name = Release;
		};
		A512793E2DDB260100B2359B /* Debug */ = {
			isa = XCBuildConfiguration;
			buildSettings = {
				CODE_SIGN_STYLE = Automatic;
				CURRENT_PROJECT_VERSION = 1;
				DEVELOPMENT_TEAM = 49TSYPSC35;
				GENERATE_INFOPLIST_FILE = YES;
				MARKETING_VERSION = 1.0;
				PRODUCT_BUNDLE_IDENTIFIER = "com.liuda.Clean-CityUITests";
				PRODUCT_NAME = "$(TARGET_NAME)";
				SWIFT_EMIT_LOC_STRINGS = NO;
				SWIFT_VERSION = 5.0;
				TARGETED_DEVICE_FAMILY = "1,2";
				TEST_TARGET_NAME = Clean.City;
			};
			name = Debug;
		};
		A512793F2DDB260100B2359B /* Release */ = {
			isa = XCBuildConfiguration;
			buildSettings = {
				CODE_SIGN_STYLE = Automatic;
				CURRENT_PROJECT_VERSION = 1;
				DEVELOPMENT_TEAM = 49TSYPSC35;
				GENERATE_INFOPLIST_FILE = YES;
				MARKETING_VERSION = 1.0;
				PRODUCT_BUNDLE_IDENTIFIER = "com.liuda.Clean-CityUITests";
				PRODUCT_NAME = "$(TARGET_NAME)";
				SWIFT_EMIT_LOC_STRINGS = NO;
				SWIFT_VERSION = 5.0;
				TARGETED_DEVICE_FAMILY = "1,2";
				TEST_TARGET_NAME = Clean.City;
			};
			name = Release;
		};
/* End XCBuildConfiguration section */

/* Begin XCConfigurationList section */
		A51279112DDB25FF00B2359B /* Build configuration list for PBXProject "Clean.City" */ = {
			isa = XCConfigurationList;
			buildConfigurations = (
				A51279352DDB260100B2359B /* Debug */,
				A51279362DDB260100B2359B /* Release */,
			);
			defaultConfigurationIsVisible = 0;
			defaultConfigurationName = Release;
		};
		A51279372DDB260100B2359B /* Build configuration list for PBXNativeTarget "Clean.City" */ = {
			isa = XCConfigurationList;
			buildConfigurations = (
				A51279382DDB260100B2359B /* Debug */,
				A51279392DDB260100B2359B /* Release */,
			);
			defaultConfigurationIsVisible = 0;
			defaultConfigurationName = Release;
		};
		A512793A2DDB260100B2359B /* Build configuration list for PBXNativeTarget "Clean.CityTests" */ = {
			isa = XCConfigurationList;
			buildConfigurations = (
				A512793B2DDB260100B2359B /* Debug */,
				A512793C2DDB260100B2359B /* Release */,
			);
			defaultConfigurationIsVisible = 0;
			defaultConfigurationName = Release;
		};
		A512793D2DDB260100B2359B /* Build configuration list for PBXNativeTarget "Clean.CityUITests" */ = {
			isa = XCConfigurationList;
			buildConfigurations = (
				A512793E2DDB260100B2359B /* Debug */,
				A512793F2DDB260100B2359B /* Release */,
			);
			defaultConfigurationIsVisible = 0;
			defaultConfigurationName = Release;
		};
/* End XCConfigurationList section */

/* Begin XCRemoteSwiftPackageReference section */
		A512794F2DDB30ED00B2359B /* XCRemoteSwiftPackageReference "SwiftSVG" */ = {
			isa = XCRemoteSwiftPackageReference;
			repositoryURL = "https://github.com/mchoe/SwiftSVG";
			requirement = {
				branch = master;
				kind = branch;
			};
		};
		A51279FC2DDB55CF00B2359B /* XCRemoteSwiftPackageReference "maplibre-gl-native-distribution" */ = {
			isa = XCRemoteSwiftPackageReference;
			repositoryURL = "https://github.com/maplibre/maplibre-gl-native-distribution";
			requirement = {
				kind = upToNextMajorVersion;
				minimumVersion = 6.14.0;
			};
		};
		A5127AD52DDB7C8D00B2359B /* XCRemoteSwiftPackageReference "GoogleSignIn-iOS" */ = {
			isa = XCRemoteSwiftPackageReference;
			repositoryURL = "https://github.com/google/GoogleSignIn-iOS";
			requirement = {
				kind = upToNextMajorVersion;
				minimumVersion = 8.0.0;
			};
		};
		A5127B2E2DDB864300B2359B /* XCRemoteSwiftPackageReference "firebase-ios-sdk" */ = {
			isa = XCRemoteSwiftPackageReference;
			repositoryURL = "https://github.com/firebase/firebase-ios-sdk";
			requirement = {
				kind = upToNextMajorVersion;
				minimumVersion = 11.12.0;
			};
		};
/* End XCRemoteSwiftPackageReference section */

/* Begin XCSwiftPackageProductDependency section */
		A51279502DDB30ED00B2359B /* SwiftSVG */ = {
			isa = XCSwiftPackageProductDependency;
			package = A512794F2DDB30ED00B2359B /* XCRemoteSwiftPackageReference "SwiftSVG" */;
			productName = SwiftSVG;
		};
		A5127A3C2DDB56EE00B2359B /* MapLibre */ = {
			isa = XCSwiftPackageProductDependency;
			package = A51279FC2DDB55CF00B2359B /* XCRemoteSwiftPackageReference "maplibre-gl-native-distribution" */;
			productName = MapLibre;
		};
		A5127AD62DDB7C8D00B2359B /* GoogleSignIn */ = {
			isa = XCSwiftPackageProductDependency;
			package = A5127AD52DDB7C8D00B2359B /* XCRemoteSwiftPackageReference "GoogleSignIn-iOS" */;
			productName = GoogleSignIn;
		};
		A5127AD82DDB7C8D00B2359B /* GoogleSignInSwift */ = {
			isa = XCSwiftPackageProductDependency;
			package = A5127AD52DDB7C8D00B2359B /* XCRemoteSwiftPackageReference "GoogleSignIn-iOS" */;
			productName = GoogleSignInSwift;
		};
		A5127B2F2DDB864300B2359B /* FirebaseAuth */ = {
			isa = XCSwiftPackageProductDependency;
			package = A5127B2E2DDB864300B2359B /* XCRemoteSwiftPackageReference "firebase-ios-sdk" */;
			productName = FirebaseAuth;
		};
		A5127B312DDB864300B2359B /* FirebaseCore */ = {
			isa = XCSwiftPackageProductDependency;
			package = A5127B2E2DDB864300B2359B /* XCRemoteSwiftPackageReference "firebase-ios-sdk" */;
			productName = FirebaseCore;
		};
		A5127B332DDB864300B2359B /* FirebaseFirestore */ = {
			isa = XCSwiftPackageProductDependency;
			package = A5127B2E2DDB864300B2359B /* XCRemoteSwiftPackageReference "firebase-ios-sdk" */;
			productName = FirebaseFirestore;
		};
/* End XCSwiftPackageProductDependency section */
	};
	rootObject = A512790E2DDB25FF00B2359B /* Project object */;
}
